<?xml version="1.0" encoding="utf-8"?>
<Project ToolsVersion="4.0" xmlns="http://schemas.microsoft.com/developer/msbuild/2003">
  <ItemGroup>
    <Filter Include="Source Files">
      <UniqueIdentifier>{4FC737F1-C7A5-4376-A066-2A32D752A2FF}</UniqueIdentifier>
      <Extensions>qml;cpp;c;cc;cxx;def;odl;idl;hpj;bat;asm;asmx</Extensions>
    </Filter>
    <Filter Include="Header Files">
      <UniqueIdentifier>{93995380-89BD-4b04-88EB-625FBE52EBFB}</UniqueIdentifier>
      <Extensions>h;hh;hpp;hxx;hm;inl;inc;xsd</Extensions>
    </Filter>
    <Filter Include="Resource Files">
      <UniqueIdentifier>{67DA6AB6-F800-4c08-8B7A-83BB121AAD01}</UniqueIdentifier>
      <Extensions>qrc;rc;ico;cur;bmp;dlg;rc2;rct;bin;rgs;gif;jpg;jpeg;jpe;resx;tiff;tif;png;wav;mfcribbon-ms</Extensions>
    </Filter>
    <Filter Include="Form Files">
      <UniqueIdentifier>{99349809-55BA-4b9d-BF79-8FDBB0286EB3}</UniqueIdentifier>
      <Extensions>ui</Extensions>
    </Filter>
    <Filter Include="Translation Files">
      <UniqueIdentifier>{639EADAA-A684-42e4-A9AD-28FC9BCB8F7C}</UniqueIdentifier>
      <Extensions>ts</Extensions>
    </Filter>
    <Filter Include="Header Files\Widget headers">
      <UniqueIdentifier>{a82bb8a2-6666-4d65-91cc-d954f1b36fa2}</UniqueIdentifier>
    </Filter>
    <Filter Include="Source Files\Widget cpp">
      <UniqueIdentifier>{54a029c4-bbcf-474b-9d90-ee2162a6a942}</UniqueIdentifier>
    </Filter>
    <Filter Include="Header Files\Graphical objects headers">
      <UniqueIdentifier>{a6a654f0-fc44-4d0f-9c7e-fa4d1342458d}</UniqueIdentifier>
    </Filter>
    <Filter Include="Source Files\Graphical objects cpp">
      <UniqueIdentifier>{11155882-36a6-44da-857c-b83c0c47b95c}</UniqueIdentifier>
    </Filter>
  </ItemGroup>
  <ItemGroup>
    <QtRcc Include="mainwindow.qrc">
      <Filter>Resource Files</Filter>
    </QtRcc>
    <QtUic Include="mainwindow.ui">
      <Filter>Form Files</Filter>
    </QtUic>
  </ItemGroup>
  <ItemGroup>
    <ClCompile Include="PolygonWidget.cpp">
      <Filter>Source Files\Widget cpp</Filter>
    </ClCompile>
    <ClCompile Include="CurvedLineWidget.cpp">
      <Filter>Source Files\Widget cpp</Filter>
    </ClCompile>
    <ClCompile Include="InterpolationPolynomWidget.cpp">
      <Filter>Source Files\Widget cpp</Filter>
    </ClCompile>
    <ClCompile Include="mainwindow.cpp">
      <Filter>Source Files\Widget cpp</Filter>
    </ClCompile>
    <ClCompile Include="CurvedLine.cpp">
      <Filter>Source Files\Graphical objects cpp</Filter>
    </ClCompile>
    <ClCompile Include="edge.cpp">
      <Filter>Source Files\Graphical objects cpp</Filter>
    </ClCompile>
    <ClCompile Include="main.cpp">
      <Filter>Source Files\Graphical objects cpp</Filter>
    </ClCompile>
    <ClCompile Include="node.cpp">
      <Filter>Source Files\Graphical objects cpp</Filter>
    </ClCompile>
    <ClCompile Include="polygon.cpp">
      <Filter>Source Files\Graphical objects cpp</Filter>
    </ClCompile>
    <ClCompile Include="Transformare.cpp">
      <Filter>Source Files\Graphical objects cpp</Filter>
    </ClCompile>
    <ClCompile Include="Polynom.cpp">
      <Filter>Source Files\Graphical objects cpp</Filter>
    </ClCompile>
    <ClCompile Include="BSpline.cpp">
      <Filter>Source Files\Graphical objects cpp</Filter>
    </ClCompile>
    <ClCompile Include="BSplineWidget.cpp">
      <Filter>Source Files\Widget cpp</Filter>
    </ClCompile>
    <ClCompile Include="ComputationalGeometry.cpp">
      <Filter>Source Files\Graphical objects cpp</Filter>
    </ClCompile>
    <ClCompile Include="InOutPolygonWidget.cpp">
      <Filter>Source Files\Widget cpp</Filter>
    </ClCompile>
    <ClCompile Include="TriangulationWidget.cpp">
      <Filter>Source Files\Widget cpp</Filter>
    </ClCompile>
  </ItemGroup>
  <ItemGroup>
    <ClInclude Include="CurvedLine.h">
      <Filter>Header Files\Graphical objects headers</Filter>
    </ClInclude>
    <ClInclude Include="edge.h">
      <Filter>Header Files\Graphical objects headers</Filter>
    </ClInclude>
    <ClInclude Include="node.h">
      <Filter>Header Files\Graphical objects headers</Filter>
    </ClInclude>
    <ClInclude Include="polygon.h">
      <Filter>Header Files\Graphical objects headers</Filter>
    </ClInclude>
    <ClInclude Include="Transformare.h">
      <Filter>Header Files\Graphical objects headers</Filter>
    </ClInclude>
    <ClInclude Include="Polynom.h">
      <Filter>Header Files\Graphical objects headers</Filter>
    </ClInclude>
    <ClInclude Include="BSpline.h">
      <Filter>Header Files\Widget headers</Filter>
    </ClInclude>
    <ClInclude Include="ComputationalGeometry.h">
      <Filter>Header Files\Graphical objects headers</Filter>
    </ClInclude>
    <ClInclude Include="Triangulation.h">
      <Filter>Header Files\Graphical objects headers</Filter>
    </ClInclude>
  </ItemGroup>
  <ItemGroup>
    <QtMoc Include="PolygonWidget.h">
      <Filter>Header Files\Widget headers</Filter>
    </QtMoc>
    <QtMoc Include="CurvedLineWidget.h">
      <Filter>Header Files\Widget headers</Filter>
    </QtMoc>
    <QtMoc Include="mainwindow.h">
      <Filter>Header Files\Widget headers</Filter>
    </QtMoc>
    <QtMoc Include="InterpolationPolynomWidget.h">
      <Filter>Header Files\Widget headers</Filter>
    </QtMoc>
    <QtMoc Include="Bezier.h">
      <Filter>Header Files\Widget headers</Filter>
    </QtMoc>
    <QtMoc Include="Hermite.h">
      <Filter>Header Files\Widget headers</Filter>
    </QtMoc>
    <QtMoc Include="BSplineWidget.h">
      <Filter>Header Files\Widget headers</Filter>
    </QtMoc>
    <QtMoc Include="InOutPolygonWidget.h">
      <Filter>Header Files\Widget headers</Filter>
    </QtMoc>
    <QtMoc Include="TriangulationWidget.h">
      <Filter>Header Files\Widget headers</Filter>
    </QtMoc>
  </ItemGroup>
</Project>